{
  "lockfileVersion": 1,
  "workspaces": {
    "": {
      "name": "@y-core/foundry",
      "dependencies": {
        "@y-core/forge": "github:y-core/forge#v0.0.4",
      },
      "devDependencies": {
        "@biomejs/biome": "^2.4.15",
        "@typescript/native-preview": "^7.0.0-dev.20260517.1",
      },
    },
  },
  "packages": {
    "@biomejs/biome": ["@biomejs/biome@2.4.15", "", { "optionalDependencies": { "@biomejs/cli-darwin-arm64": "2.4.15", "@biomejs/cli-darwin-x64": "2.4.15", "@biomejs/cli-linux-arm64": "2.4.15", "@biomejs/cli-linux-arm64-musl": "2.4.15", "@biomejs/cli-linux-x64": "2.4.15", "@biomejs/cli-linux-x64-musl": "2.4.15", "@biomejs/cli-win32-arm64": "2.4.15", "@biomejs/cli-win32-x64": "2.4.15" }, "bin": { "biome": "bin/biome" } }, "sha512-j5VH3a/h/HXTKBM50MDMxRCzkeLv9S2XJcW2WgnZT1+xyisi+0bISrXR82gCX+8S9lvK0skEvHJRN+3Ktr2hlw=="],

    "@biomejs/cli-darwin-arm64": ["@biomejs/cli-darwin-arm64@2.4.15", "", { "os": "darwin", "cpu": "arm64" }, "sha512-rF3PPqLq1yoST79zaQbDjVJwsuIeci/O+9bgNmC5QpgOqz6aqYuzA4abyAGx+mgyiDXn4A049xAN8gijbuR1Qg=="],

    "@biomejs/cli-darwin-x64": ["@biomejs/cli-darwin-x64@2.4.15", "", { "os": "darwin", "cpu": "x64" }, "sha512-/5KHXYMfSJs1fNXiX30xFtI8JcCFV6zaVVLxOa0M2sfqBKHkpQhRTv94yxQWxeTY2lzo2OuTlNvPC+hDQt2wcQ=="],

    "@biomejs/cli-linux-arm64": ["@biomejs/cli-linux-arm64@2.4.15", "", { "os": "linux", "cpu": "arm64" }, "sha512-owaAMZD/T4LrD0ELNCk0Km3qrRHuM0X6EAyVE1FSqGY0rbLoiDLrO4Us2tllm6cAeB2Ioa9C2C08NZPdr8+0Ug=="],

    "@biomejs/cli-linux-arm64-musl": ["@biomejs/cli-linux-arm64-musl@2.4.15", "", { "os": "linux", "cpu": "arm64" }, "sha512-ZPcxznxm0pogHBLZhYntyR3sR+MrZjqJIKEr7ZqVen0Rl+P/4upVmfYXjftizi9RoqZntg33fv/1fbdhbYXpEQ=="],

    "@biomejs/cli-linux-x64": ["@biomejs/cli-linux-x64@2.4.15", "", { "os": "linux", "cpu": "x64" }, "sha512-0jj7THz12GbUOLmMibktK6DZjqz2zV64KFxyBtcFTKPiiOIY0a7vns1elpO1dERvxpsZ5ik0oFfz0oGwFde1+g=="],

    "@biomejs/cli-linux-x64-musl": ["@biomejs/cli-linux-x64-musl@2.4.15", "", { "os": "linux", "cpu": "x64" }, "sha512-CNq/9W38SYSH023lfcQ4KKU8K0YX8T//FZUhcgtMMRABDojx5XsMV7jlweAvGSl389wJQB29Qo6Zb/a+jdvt+w=="],

    "@biomejs/cli-win32-arm64": ["@biomejs/cli-win32-arm64@2.4.15", "", { "os": "win32", "cpu": "arm64" }, "sha512-ouhkYdlhp/1GghEJPdWwD/Vi3gQ1nFxuSpMolWsbq3Lsq3QUR4jl6UdhhscdCugKU5vOEuMiJhvKj66O0OCq+w=="],

    "@biomejs/cli-win32-x64": ["@biomejs/cli-win32-x64@2.4.15", "", { "os": "win32", "cpu": "x64" }, "sha512-zBrGq5mx5wwpnow4+2BxUvleDM+GNd4sLbPaMapsSLQLD0NGRCquqPBTgN+7XkUteHvj7M+BstuI8tmnV7+HgQ=="],

    "@remix-run/cookie": ["@remix-run/cookie@0.5.3", "", { "dependencies": { "@remix-run/headers": "^0.21.0" } }, "sha512-y5geVHe1yCE26yEkrRjJEYak9nYibQJVxoKvfEi5p6xvaH6p3Z6Q3GZ5UHmFkTl9sedXJ3uGjkaQW+cnPAWkZQ=="],

    "@remix-run/headers": ["@remix-run/headers@0.19.0", "", {}, "sha512-+62NbkXuXm9r/NdG6KfH9OCKofCWm8VjkrVPICiHKtRl8Gf2Vi6eFTN4mGgBlZRhd5mmEVRV4hTIn/JUSHDAOw=="],

    "@remix-run/session": ["@remix-run/session@0.4.2", "", {}, "sha512-NGzu6/gC5xD/tq40W0WqzTt4JhCdSCIwDHM1aa13JBqb4Ml/Mb0kmXqjfOe/gBYfu6AA11nRQ/BJyr+VduTodA=="],

    "@typescript/native-preview": ["@typescript/native-preview@7.0.0-dev.20260525.1", "", { "optionalDependencies": { "@typescript/native-preview-darwin-arm64": "7.0.0-dev.20260525.1", "@typescript/native-preview-darwin-x64": "7.0.0-dev.20260525.1", "@typescript/native-preview-linux-arm": "7.0.0-dev.20260525.1", "@typescript/native-preview-linux-arm64": "7.0.0-dev.20260525.1", "@typescript/native-preview-linux-x64": "7.0.0-dev.20260525.1", "@typescript/native-preview-win32-arm64": "7.0.0-dev.20260525.1", "@typescript/native-preview-win32-x64": "7.0.0-dev.20260525.1" }, "bin": { "tsgo": "bin/tsgo.js" } }, "sha512-hZ3BSv2Q45UZPC8mi7YIWNRirdT99eipknsgigp7GfczYisSjfn6/XERgUfspHDWI7k4zM/KK4j/peHWtpqcmg=="],

    "@typescript/native-preview-darwin-arm64": ["@typescript/native-preview-darwin-arm64@7.0.0-dev.20260525.1", "", { "os": "darwin", "cpu": "arm64" }, "sha512-x0ClBYc6xQDLXvpRn/zg6SViX/r1F8LXHyfSHmKx4ieiaZiVvGsEww/qzdHind+Y62MIUN3e/XfDFrpRxWDv0g=="],

    "@typescript/native-preview-darwin-x64": ["@typescript/native-preview-darwin-x64@7.0.0-dev.20260525.1", "", { "os": "darwin", "cpu": "x64" }, "sha512-CSHbx6HfM+xXqceGFtG4kcqqoQ5xjT1BHO0bqLfLeQtKlMlze59dIV2DbOb5Aj6wm2ACTKU4K9aurJDdHARx1g=="],

    "@typescript/native-preview-linux-arm": ["@typescript/native-preview-linux-arm@7.0.0-dev.20260525.1", "", { "os": "linux", "cpu": "arm" }, "sha512-hY2EVAaGc1bsaxthJiNUbzn6ESkMSLBiWRCNhQl8XdhDWew8KhKCjw4DHe0lAYSdxLJBe6fCPpcFjDnoSowBxA=="],

    "@typescript/native-preview-linux-arm64": ["@typescript/native-preview-linux-arm64@7.0.0-dev.20260525.1", "", { "os": "linux", "cpu": "arm64" }, "sha512-0DFKd3EuZ/Z0/mB114mATrlRxQUo7rcpXYgd5CJN7y1dbIgkavbjVamzzJKt3s42tkJGfdys83w6aIHDu6fykw=="],

    "@typescript/native-preview-linux-x64": ["@typescript/native-preview-linux-x64@7.0.0-dev.20260525.1", "", { "os": "linux", "cpu": "x64" }, "sha512-GhC0kXeYxn55Rk3klmWET/Y033AHeMzLBMO58yP7R8m5ZdGiBisejDZnvttzczYJtgT42LNOtVmbtsG/+R8XWw=="],

    "@typescript/native-preview-win32-arm64": ["@typescript/native-preview-win32-arm64@7.0.0-dev.20260525.1", "", { "os": "win32", "cpu": "arm64" }, "sha512-L2+bsx73FyuEzLNgybtIxhnT9lYYAh9rTRFWZ4wZlJg44DGstjgz4FBKVHBO/cm3Hz7YNWeJESrB9ROUNbffPg=="],

    "@typescript/native-preview-win32-x64": ["@typescript/native-preview-win32-x64@7.0.0-dev.20260525.1", "", { "os": "win32", "cpu": "x64" }, "sha512-xJCdFz9smVQVpXYW0vZZJsM0GIANPqSt8eMDRYfDY6M/BcXNXYOAt7tsxnSRyYWnFf9Ci7wKNRZaihZrDJ2m6A=="],

    "@y-core/forge": ["@y-core/forge@github:y-core/forge#7dde03a", { "dependencies": { "@remix-run/cookie": "^0.5.1", "@remix-run/headers": "^0.19.0", "@remix-run/session": "^0.4.1", "hono": "^4.7.0", "htmx.org": "^2.0.10", "valibot": "^1.4.0" } }, "y-core-forge-7dde03a"],

    "hono": ["hono@4.12.23", "", {}, "sha512-eIaZ9qDgu7XV0pxOCrg7/WhnQ6Ivm22UcxhXx/A3dcbqbbYgBEkc6e/J/s7j2tS96zoB0S9VBdLwQNCWwUo4LA=="],

    "htmx.org": ["htmx.org@2.0.10", "", {}, "sha512-kdeJe7ZVwaS6QMz/ebBIVtZdpwen6L0OQ5GOhPV9MKBb196TCZeZu4yA7ZIQsaLKv7EpXz+So7KSXNuHXhj7Cw=="],

    "valibot": ["valibot@1.4.1", "", { "peerDependencies": { "typescript": ">=5" }, "optionalPeers": ["typescript"] }, "sha512-klCmFTz2jeDluy9RwX+F884TCiogtdBJ/YaxSx1EOBYXa3NXNWj8kR1jjN8rzluwojJVWWaHJ4r1U5LfICnM3g=="],

    "@remix-run/cookie/@remix-run/headers": ["@remix-run/headers@0.21.0", "", {}, "sha512-jlVE0GGxTaLqZ8cfB/sBDQYkKHXJxhWlLY836A7kjnHmy2oHET8J3/4+7+JgTqFBEBvK+ZiiqJKZElj+/zp5Cg=="],
  }
}
